
Microsoft Visual Studio Solution File, Format Version 12.00
# Visual Studio Version 16
VisualStudioVersion = 16.0.30413.136
MinimumVisualStudioVersion = 10.0.40219.1
Project("{FAE04EC0-301F-11D3-BF4B-00C04F79EFBC}") = "chatDS", "chatDS\chatDS.csproj", "{FB09ACF6-6B12-478D-9D1E-BB64D3D50A9D}"
EndProject
Project("{FAE04EC0-301F-11D3-BF4B-00C04F79EFBC}") = "ClienteChat", "ClienteChat\ClienteChat.csproj", "{3CD83A54-64ED-4659-B05C-F74320E8CCA4}"
	ProjectSection(ProjectDependencies) = postProject
		{FB09ACF6-6B12-478D-9D1E-BB64D3D50A9D} = {FB09ACF6-6B12-478D-9D1E-BB64D3D50A9D}
	EndProjectSection
EndProject
Global
	GlobalSection(SolutionConfigurationPlatforms) = preSolution
		Debug|Any CPU = Debug|Any CPU
		Release|Any CPU = Release|Any CPU
	EndGlobalSection
	GlobalSection(ProjectConfigurationPlatforms) = postSolution
		{FB09ACF6-6B12-478D-9D1E-BB64D3D50A9D}.Debug|Any CPU.ActiveCfg = Debug|Any CPU
		{FB09ACF6-6B12-478D-9D1E-BB64D3D50A9D}.Debug|Any CPU.Build.0 = Debug|Any CPU
		{FB09ACF6-6B12-478D-9D1E-BB64D3D50A9D}.Release|Any CPU.ActiveCfg = Release|Any CPU
		{FB09ACF6-6B12-478D-9D1E-BB64D3D50A9D}.Release|Any CPU.Build.0 = Release|Any CPU
		{3CD83A54-64ED-4659-B05C-F74320E8CCA4}.Debug|Any CPU.ActiveCfg = Debug|Any CPU
		{3CD83A54-64ED-4659-B05C-F74320E8CCA4}.Debug|Any CPU.Build.0 = Debug|Any CPU
		{3CD83A54-64ED-4659-B05C-F74320E8CCA4}.Release|Any CPU.ActiveCfg = Release|Any CPU
		{3CD83A54-64ED-4659-B05C-F74320E8CCA4}.Release|Any CPU.Build.0 = Release|Any CPU
	EndGlobalSection
	GlobalSection(SolutionProperties) = preSolution
		HideSolutionNode = FALSE
	EndGlobalSection
	GlobalSection(ExtensibilityGlobals) = postSolution
		SolutionGuid = {3D9A60B1-7AB1-4264-9290-C670AE001EF8}
	EndGlobalSection
EndGlobal
